// !$*UTF8*$!
{
	archiveVersion = 1;
	classes = {
	};
	objectVersion = 48;
	objects = {

/* Begin PBXBuildFile section */
		04112D2D1FC3F9F500280587 /* RootViewController.m in Sources */ = {isa = PBXBuildFile; fileRef = 04112D2C1FC3F9F500280587 /* RootViewController.m */; };
		04112D331FC3FB1300280587 /* YZFirstPageViewController.m in Sources */ = {isa = PBXBuildFile; fileRef = 04112D321FC3FB1300280587 /* YZFirstPageViewController.m */; };
		04F04E481FC3E228001E8AB9 /* AppDelegate.m in Sources */ = {isa = PBXBuildFile; fileRef = 04F04E471FC3E228001E8AB9 /* AppDelegate.m */; };
		04F04E4B1FC3E229001E8AB9 /* ViewController.m in Sources */ = {isa = PBXBuildFile; fileRef = 04F04E4A1FC3E229001E8AB9 /* ViewController.m */; };
		04F04E501FC3E229001E8AB9 /* Assets.xcassets in Resources */ = {isa = PBXBuildFile; fileRef = 04F04E4F1FC3E229001E8AB9 /* Assets.xcassets */; };
		04F04E531FC3E229001E8AB9 /* LaunchScreen.storyboard in Resources */ = {isa = PBXBuildFile; fileRef = 04F04E511FC3E229001E8AB9 /* LaunchScreen.storyboard */; };
		04F04E561FC3E229001E8AB9 /* main.m in Sources */ = {isa = PBXBuildFile; fileRef = 04F04E551FC3E229001E8AB9 /* main.m */; };
		04F04E601FC3E22A001E8AB9 /* BaseProjectTests.m in Sources */ = {isa = PBXBuildFile; fileRef = 04F04E5F1FC3E22A001E8AB9 /* BaseProjectTests.m */; };
		04F04E6B1FC3E22A001E8AB9 /* BaseProjectUITests.m in Sources */ = {isa = PBXBuildFile; fileRef = 04F04E6A1FC3E22A001E8AB9 /* BaseProjectUITests.m */; };
/* End PBXBuildFile section */

/* Begin PBXContainerItemProxy section */
		04F04E5C1FC3E22A001E8AB9 /* PBXContainerItemProxy */ = {
			isa = PBXContainerItemProxy;
			containerPortal = 04F04E3B1FC3E227001E8AB9 /* Project object */;
			proxyType = 1;
			remoteGlobalIDString = 04F04E421FC3E227001E8AB9;
			remoteInfo = BaseProject;
		};
		04F04E671FC3E22A001E8AB9 /* PBXContainerItemProxy */ = {
			isa = PBXContainerItemProxy;
			containerPortal = 04F04E3B1FC3E227001E8AB9 /* Project object */;
			proxyType = 1;
			remoteGlobalIDString = 04F04E421FC3E227001E8AB9;
			remoteInfo = BaseProject;
		};
/* End PBXContainerItemProxy section */

/* Begin PBXFileReference section */
		04112D151FC3F71400280587 /* RYConstant.h */ = {isa = PBXFileReference; lastKnownFileType = sourcecode.c.h; path = RYConstant.h; sourceTree = "<group>"; };
		04112D161FC3F71400280587 /* IncludeHeaderFile.h */ = {isa = PBXFileReference; lastKnownFileType = sourcecode.c.h; path = IncludeHeaderFile.h; sourceTree = "<group>"; };
		04112D171FC3F71400280587 /* PrefixHeader.pch */ = {isa = PBXFileReference; lastKnownFileType = sourcecode.c.h; path = PrefixHeader.pch; sourceTree = "<group>"; };
		04112D191FC3F79500280587 /* YZNavigationViewController.h */ = {isa = PBXFileReference; lastKnownFileType = sourcecode.c.h; path = YZNavigationViewController.h; sourceTree = "<group>"; };
		04112D1C1FC3F79500280587 /* YZNavigationViewController.m */ = {isa = PBXFileReference; lastKnownFileType = sourcecode.c.objc; path = YZNavigationViewController.m; sourceTree = "<group>"; };
		04112D2B1FC3F9F500280587 /* RootViewController.h */ = {isa = PBXFileReference; lastKnownFileType = sourcecode.c.h; path = RootViewController.h; sourceTree = "<group>"; };
		04112D2C1FC3F9F500280587 /* RootViewController.m */ = {isa = PBXFileReference; lastKnownFileType = sourcecode.c.objc; path = RootViewController.m; sourceTree = "<group>"; };
		04112D2F1FC3FA7000280587 /* UIImage+Tint.m */ = {isa = PBXFileReference; lastKnownFileType = sourcecode.c.objc; path = "UIImage+Tint.m"; sourceTree = "<group>"; };
		04112D301FC3FA7000280587 /* UIImage+Tint.h */ = {isa = PBXFileReference; lastKnownFileType = sourcecode.c.h; path = "UIImage+Tint.h"; sourceTree = "<group>"; };
		04112D311FC3FB1300280587 /* YZFirstPageViewController.h */ = {isa = PBXFileReference; lastKnownFileType = sourcecode.c.h; path = YZFirstPageViewController.h; sourceTree = "<group>"; };
		04112D321FC3FB1300280587 /* YZFirstPageViewController.m */ = {isa = PBXFileReference; lastKnownFileType = sourcecode.c.objc; path = YZFirstPageViewController.m; sourceTree = "<group>"; };
		04F04E431FC3E227001E8AB9 /* BaseProject.app */ = {isa = PBXFileReference; explicitFileType = wrapper.application; includeInIndex = 0; path = BaseProject.app; sourceTree = BUILT_PRODUCTS_DIR; };
		04F04E461FC3E228001E8AB9 /* AppDelegate.h */ = {isa = PBXFileReference; lastKnownFileType = sourcecode.c.h; path = AppDelegate.h; sourceTree = "<group>"; };
		04F04E471FC3E228001E8AB9 /* AppDelegate.m */ = {isa = PBXFileReference; lastKnownFileType = sourcecode.c.objc; path = AppDelegate.m; sourceTree = "<group>"; };
		04F04E491FC3E229001E8AB9 /* ViewController.h */ = {isa = PBXFileReference; lastKnownFileType = sourcecode.c.h; path = ViewController.h; sourceTree = "<group>"; };
		04F04E4A1FC3E229001E8AB9 /* ViewController.m */ = {isa = PBXFileReference; lastKnownFileType = sourcecode.c.objc; path = ViewController.m; sourceTree = "<group>"; };
		04F04E4F1FC3E229001E8AB9 /* Assets.xcassets */ = {isa = PBXFileReference; lastKnownFileType = folder.assetcatalog; path = Assets.xcassets; sourceTree = "<group>"; };
		04F04E521FC3E229001E8AB9 /* Base */ = {isa = PBXFileReference; lastKnownFileType = file.storyboard; name = Base; path = Base.lproj/LaunchScreen.storyboard; sourceTree = "<group>"; };
		04F04E541FC3E229001E8AB9 /* Info.plist */ = {isa = PBXFileReference; lastKnownFileType = text.plist.xml; path = Info.plist; sourceTree = "<group>"; };
		04F04E551FC3E229001E8AB9 /* main.m */ = {isa = PBXFileReference; lastKnownFileType = sourcecode.c.objc; path = main.m; sourceTree = "<group>"; };
		04F04E5B1FC3E22A001E8AB9 /* BaseProjectTests.xctest */ = {isa = PBXFileReference; explicitFileType = wrapper.cfbundle; includeInIndex = 0; path = BaseProjectTests.xctest; sourceTree = BUILT_PRODUCTS_DIR; };
		04F04E5F1FC3E22A001E8AB9 /* BaseProjectTests.m */ = {isa = PBXFileReference; lastKnownFileType = sourcecode.c.objc; path = BaseProjectTests.m; sourceTree = "<group>"; };
		04F04E611FC3E22A001E8AB9 /* Info.plist */ = {isa = PBXFileReference; lastKnownFileType = text.plist.xml; path = Info.plist; sourceTree = "<group>"; };
		04F04E661FC3E22A001E8AB9 /* BaseProjectUITests.xctest */ = {isa = PBXFileReference; explicitFileType = wrapper.cfbundle; includeInIndex = 0; path = BaseProjectUITests.xctest; sourceTree = BUILT_PRODUCTS_DIR; };
		04F04E6A1FC3E22A001E8AB9 /* BaseProjectUITests.m */ = {isa = PBXFileReference; lastKnownFileType = sourcecode.c.objc; path = BaseProjectUITests.m; sourceTree = "<group>"; };
		04F04E6C1FC3E22A001E8AB9 /* Info.plist */ = {isa = PBXFileReference; lastKnownFileType = text.plist.xml; path = Info.plist; sourceTree = "<group>"; };
/* End PBXFileReference section */

/* Begin PBXFrameworksBuildPhase section */
		04F04E401FC3E227001E8AB9 /* Frameworks */ = {
			isa = PBXFrameworksBuildPhase;
			buildActionMask = 2147483647;
			files = (
			);
			runOnlyForDeploymentPostprocessing = 0;
		};
		04F04E581FC3E229001E8AB9 /* Frameworks */ = {
			isa = PBXFrameworksBuildPhase;
			buildActionMask = 2147483647;
			files = (
			);
			runOnlyForDeploymentPostprocessing = 0;
		};
		04F04E631FC3E22A001E8AB9 /* Frameworks */ = {
			isa = PBXFrameworksBuildPhase;
			buildActionMask = 2147483647;
			files = (
			);
			runOnlyForDeploymentPostprocessing = 0;
		};
/* End PBXFrameworksBuildPhase section */

/* Begin PBXGroup section */
		04112D141FC3F6F100280587 /* Constant */ = {
			isa = PBXGroup;
			children = (
				04112D161FC3F71400280587 /* IncludeHeaderFile.h */,
				04112D171FC3F71400280587 /* PrefixHeader.pch */,
				04112D151FC3F71400280587 /* RYConstant.h */,
			);
			path = Constant;
			sourceTree = "<group>";
		};
		04112D181FC3F78100280587 /* 基类 */ = {
			isa = PBXGroup;
			children = (
				04112D191FC3F79500280587 /* YZNavigationViewController.h */,
				04112D1C1FC3F79500280587 /* YZNavigationViewController.m */,
				04112D2B1FC3F9F500280587 /* RootViewController.h */,
				04112D2C1FC3F9F500280587 /* RootViewController.m */,
			);
			path = "基类";
			sourceTree = "<group>";
		};
		04112D1D1FC3F7DE00280587 /* 功能模块 */ = {
			isa = PBXGroup;
			children = (
				04112D1E1FC3F7EB00280587 /* 首页 */,
			);
			path = "功能模块";
			sourceTree = "<group>";
		};
		04112D1E1FC3F7EB00280587 /* 首页 */ = {
			isa = PBXGroup;
			children = (
				04112D211FC3F81000280587 /* View */,
				04112D201FC3F7FE00280587 /* Model */,
				04112D1F1FC3F7F400280587 /* ViewController */,
			);
			path = "首页";
			sourceTree = "<group>";
		};
		04112D1F1FC3F7F400280587 /* ViewController */ = {
			isa = PBXGroup;
			children = (
				04112D311FC3FB1300280587 /* YZFirstPageViewController.h */,
				04112D321FC3FB1300280587 /* YZFirstPageViewController.m */,
			);
			path = ViewController;
			sourceTree = "<group>";
		};
		04112D201FC3F7FE00280587 /* Model */ = {
			isa = PBXGroup;
			children = (
			);
			path = Model;
			sourceTree = "<group>";
		};
		04112D211FC3F81000280587 /* View */ = {
			isa = PBXGroup;
			children = (
			);
			path = View;
			sourceTree = "<group>";
		};
		04112D2E1FC3FA5C00280587 /* 扩展 */ = {
			isa = PBXGroup;
			children = (
				04112D301FC3FA7000280587 /* UIImage+Tint.h */,
				04112D2F1FC3FA7000280587 /* UIImage+Tint.m */,
			);
			path = "扩展";
			sourceTree = "<group>";
		};
		04F04E3A1FC3E227001E8AB9 = {
			isa = PBXGroup;
			children = (
				04F04E451FC3E227001E8AB9 /* BaseProject */,
				04F04E5E1FC3E22A001E8AB9 /* BaseProjectTests */,
				04F04E691FC3E22A001E8AB9 /* BaseProjectUITests */,
				04F04E441FC3E227001E8AB9 /* Products */,
			);
			sourceTree = "<group>";
		};
		04F04E441FC3E227001E8AB9 /* Products */ = {
			isa = PBXGroup;
			children = (
				04F04E431FC3E227001E8AB9 /* BaseProject.app */,
				04F04E5B1FC3E22A001E8AB9 /* BaseProjectTests.xctest */,
				04F04E661FC3E22A001E8AB9 /* BaseProjectUITests.xctest */,
			);
			name = Products;
			sourceTree = "<group>";
		};
		04F04E451FC3E227001E8AB9 /* BaseProject */ = {
			isa = PBXGroup;
			children = (
				04112D2E1FC3FA5C00280587 /* 扩展 */,
				04112D1D1FC3F7DE00280587 /* 功能模块 */,
				04112D181FC3F78100280587 /* 基类 */,
				04112D141FC3F6F100280587 /* Constant */,
				04F04E461FC3E228001E8AB9 /* AppDelegate.h */,
				04F04E471FC3E228001E8AB9 /* AppDelegate.m */,
				04F04E491FC3E229001E8AB9 /* ViewController.h */,
				04F04E4A1FC3E229001E8AB9 /* ViewController.m */,
				04F04E4F1FC3E229001E8AB9 /* Assets.xcassets */,
				04F04E511FC3E229001E8AB9 /* LaunchScreen.storyboard */,
				04F04E541FC3E229001E8AB9 /* Info.plist */,
				04F04E551FC3E229001E8AB9 /* main.m */,
			);
			path = BaseProject;
			sourceTree = "<group>";
		};
		04F04E5E1FC3E22A001E8AB9 /* BaseProjectTests */ = {
			isa = PBXGroup;
			children = (
				04F04E5F1FC3E22A001E8AB9 /* BaseProjectTests.m */,
				04F04E611FC3E22A001E8AB9 /* Info.plist */,
			);
			path = BaseProjectTests;
			sourceTree = "<group>";
		};
		04F04E691FC3E22A001E8AB9 /* BaseProjectUITests */ = {
			isa = PBXGroup;
			children = (
				04F04E6A1FC3E22A001E8AB9 /* BaseProjectUITests.m */,
				04F04E6C1FC3E22A001E8AB9 /* Info.plist */,
			);
			path = BaseProjectUITests;
			sourceTree = "<group>";
		};
/* End PBXGroup section */

/* Begin PBXNativeTarget section */
		04F04E421FC3E227001E8AB9 /* BaseProject */ = {
			isa = PBXNativeTarget;
			buildConfigurationList = 04F04E6F1FC3E22A001E8AB9 /* Build configuration list for PBXNativeTarget "BaseProject" */;
			buildPhases = (
				04F04E3F1FC3E227001E8AB9 /* Sources */,
				04F04E401FC3E227001E8AB9 /* Frameworks */,
				04F04E411FC3E227001E8AB9 /* Resources */,
			);
			buildRules = (
			);
			dependencies = (
			);
			name = BaseProject;
			productName = BaseProject;
			productReference = 04F04E431FC3E227001E8AB9 /* BaseProject.app */;
			productType = "com.apple.product-type.application";
		};
		04F04E5A1FC3E229001E8AB9 /* BaseProjectTests */ = {
			isa = PBXNativeTarget;
			buildConfigurationList = 04F04E721FC3E22A001E8AB9 /* Build configuration list for PBXNativeTarget "BaseProjectTests" */;
			buildPhases = (
				04F04E571FC3E229001E8AB9 /* Sources */,
				04F04E581FC3E229001E8AB9 /* Frameworks */,
				04F04E591FC3E229001E8AB9 /* Resources */,
			);
			buildRules = (
			);
			dependencies = (
				04F04E5D1FC3E22A001E8AB9 /* PBXTargetDependency */,
			);
			name = BaseProjectTests;
			productName = BaseProjectTests;
			productReference = 04F04E5B1FC3E22A001E8AB9 /* BaseProjectTests.xctest */;
			productType = "com.apple.product-type.bundle.unit-test";
		};
		04F04E651FC3E22A001E8AB9 /* BaseProjectUITests */ = {
			isa = PBXNativeTarget;
			buildConfigurationList = 04F04E751FC3E22A001E8AB9 /* Build configuration list for PBXNativeTarget "BaseProjectUITests" */;
			buildPhases = (
				04F04E621FC3E22A001E8AB9 /* Sources */,
				04F04E631FC3E22A001E8AB9 /* Frameworks */,
				04F04E641FC3E22A001E8AB9 /* Resources */,
			);
			buildRules = (
			);
			dependencies = (
				04F04E681FC3E22A001E8AB9 /* PBXTargetDependency */,
			);
			name = BaseProjectUITests;
			productName = BaseProjectUITests;
			productReference = 04F04E661FC3E22A001E8AB9 /* BaseProjectUITests.xctest */;
			productType = "com.apple.product-type.bundle.ui-testing";
		};
/* End PBXNativeTarget section */

/* Begin PBXProject section */
		04F04E3B1FC3E227001E8AB9 /* Project object */ = {
			isa = PBXProject;
			attributes = {
				LastUpgradeCheck = 0900;
				ORGANIZATIONNAME = mac;
				TargetAttributes = {
					04F04E421FC3E227001E8AB9 = {
						CreatedOnToolsVersion = 9.0;
						ProvisioningStyle = Automatic;
					};
					04F04E5A1FC3E229001E8AB9 = {
						CreatedOnToolsVersion = 9.0;
						ProvisioningStyle = Automatic;
						TestTargetID = 04F04E421FC3E227001E8AB9;
					};
					04F04E651FC3E22A001E8AB9 = {
						CreatedOnToolsVersion = 9.0;
						ProvisioningStyle = Automatic;
						TestTargetID = 04F04E421FC3E227001E8AB9;
					};
				};
			};
			buildConfigurationList = 04F04E3E1FC3E227001E8AB9 /* Build configuration list for PBXProject "BaseProject" */;
			compatibilityVersion = "Xcode 8.0";
			developmentRegion = en;
			hasScannedForEncodings = 0;
			knownRegions = (
				en,
				Base,
			);
			mainGroup = 04F04E3A1FC3E227001E8AB9;
			productRefGroup = 04F04E441FC3E227001E8AB9 /* Products */;
			projectDirPath = "";
			projectRoot = "";
			targets = (
				04F04E421FC3E227001E8AB9 /* BaseProject */,
				04F04E5A1FC3E229001E8AB9 /* BaseProjectTests */,
				04F04E651FC3E22A001E8AB9 /* BaseProjectUITests */,
			);
		};
/* End PBXProject section */

/* Begin PBXResourcesBuildPhase section */
		04F04E411FC3E227001E8AB9 /* Resources */ = {
			isa = PBXResourcesBuildPhase;
			buildActionMask = 2147483647;
			files = (
				04F04E531FC3E229001E8AB9 /* LaunchScreen.storyboard in Resources */,
				04F04E501FC3E229001E8AB9 /* Assets.xcassets in Resources */,
			);
			runOnlyForDeploymentPostprocessing = 0;
		};
		04F04E591FC3E229001E8AB9 /* Resources */ = {
			isa = PBXResourcesBuildPhase;
			buildActionMask = 2147483647;
			files = (
			);
			runOnlyForDeploymentPostprocessing = 0;
		};
		04F04E641FC3E22A001E8AB9 /* Resources */ = {
			isa = PBXResourcesBuildPhase;
			buildActionMask = 2147483647;
			files = (
			);
			runOnlyForDeploymentPostprocessing = 0;
		};
/* End PBXResourcesBuildPhase section */

/* Begin PBXSourcesBuildPhase section */
		04F04E3F1FC3E227001E8AB9 /* Sources */ = {
			isa = PBXSourcesBuildPhase;
			buildActionMask = 2147483647;
			files = (
				04F04E4B1FC3E229001E8AB9 /* ViewController.m in Sources */,
				04F04E561FC3E229001E8AB9 /* main.m in Sources */,
				04112D2D1FC3F9F500280587 /* RootViewController.m in Sources */,
				04F04E481FC3E228001E8AB9 /* AppDelegate.m in Sources */,
				04112D331FC3FB1300280587 /* YZFirstPageViewController.m in Sources */,
			);
			runOnlyForDeploymentPostprocessing = 0;
		};
		04F04E571FC3E229001E8AB9 /* Sources */ = {
			isa = PBXSourcesBuildPhase;
			buildActionMask = 2147483647;
			files = (
				04F04E601FC3E22A001E8AB9 /* BaseProjectTests.m in Sources */,
			);
			runOnlyForDeploymentPostprocessing = 0;
		};
		04F04E621FC3E22A001E8AB9 /* Sources */ = {
			isa = PBXSourcesBuildPhase;
			buildActionMask = 2147483647;
			files = (
				04F04E6B1FC3E22A001E8AB9 /* BaseProjectUITests.m in Sources */,
			);
			runOnlyForDeploymentPostprocessing = 0;
		};
/* End PBXSourcesBuildPhase section */

/* Begin PBXTargetDependency section */
		04F04E5D1FC3E22A001E8AB9 /* PBXTargetDependency */ = {
			isa = PBXTargetDependency;
			target = 04F04E421FC3E227001E8AB9 /* BaseProject */;
			targetProxy = 04F04E5C1FC3E22A001E8AB9 /* PBXContainerItemProxy */;
		};
		04F04E681FC3E22A001E8AB9 /* PBXTargetDependency */ = {
			isa = PBXTargetDependency;
			target = 04F04E421FC3E227001E8AB9 /* BaseProject */;
			targetProxy = 04F04E671FC3E22A001E8AB9 /* PBXContainerItemProxy */;
		};
/* End PBXTargetDependency section */

/* Begin PBXVariantGroup section */
		04F04E511FC3E229001E8AB9 /* LaunchScreen.storyboard */ = {
			isa = PBXVariantGroup;
			children = (
				04F04E521FC3E229001E8AB9 /* Base */,
			);
			name = LaunchScreen.storyboard;
			sourceTree = "<group>";
		};
/* End PBXVariantGroup section */

/* Begin XCBuildConfiguration section */
		04F04E6D1FC3E22A001E8AB9 /* Debug */ = {
			isa = XCBuildConfiguration;
			buildSettings = {
				ALWAYS_SEARCH_USER_PATHS = NO;
				CLANG_ANALYZER_NONNULL = YES;
				CLANG_ANALYZER_NUMBER_OBJECT_CONVERSION = YES_AGGRESSIVE;
				CLANG_CXX_LANGUAGE_STANDARD = "gnu++14";
				CLANG_CXX_LIBRARY = "libc++";
				CLANG_ENABLE_MODULES = YES;
				CLANG_ENABLE_OBJC_ARC = YES;
				CLANG_WARN_BLOCK_CAPTURE_AUTORELEASING = YES;
				CLANG_WARN_BOOL_CONVERSION = YES;
				CLANG_WARN_COMMA = YES;
				CLANG_WARN_CONSTANT_CONVERSION = YES;
				CLANG_WARN_DIRECT_OBJC_ISA_USAGE = YES_ERROR;
				CLANG_WARN_DOCUMENTATION_COMMENTS = YES;
				CLANG_WARN_EMPTY_BODY = YES;
				CLANG_WARN_ENUM_CONVERSION = YES;
				CLANG_WARN_INFINITE_RECURSION = YES;
				CLANG_WARN_INT_CONVERSION = YES;
				CLANG_WARN_NON_LITERAL_NULL_CONVERSION = YES;
				CLANG_WARN_OBJC_LITERAL_CONVERSION = YES;
				CLANG_WARN_OBJC_ROOT_CLASS = YES_ERROR;
				CLANG_WARN_RANGE_LOOP_ANALYSIS = YES;
				CLANG_WARN_STRICT_PROTOTYPES = YES;
				CLANG_WARN_SUSPICIOUS_MOVE = YES;
				CLANG_WARN_UNGUARDED_AVAILABILITY = YES_AGGRESSIVE;
				CLANG_WARN_UNREACHABLE_CODE = YES;
				CLANG_WARN__DUPLICATE_METHOD_MATCH = YES;
				CODE_SIGN_IDENTITY = "iPhone Developer";
				COPY_PHASE_STRIP = NO;
				DEBUG_INFORMATION_FORMAT = dwarf;
				ENABLE_STRICT_OBJC_MSGSEND = YES;
				ENABLE_TESTABILITY = YES;
				GCC_C_LANGUAGE_STANDARD = gnu11;
				GCC_DYNAMIC_NO_PIC = NO;
				GCC_NO_COMMON_BLOCKS = YES;
				GCC_OPTIMIZATION_LEVEL = 0;
				GCC_PREPROCESSOR_DEFINITIONS = (
					"DEBUG=1",
					"$(inherited)",
				);
				GCC_WARN_64_TO_32_BIT_CONVERSION = YES;
				GCC_WARN_ABOUT_RETURN_TYPE = YES_ERROR;
				GCC_WARN_UNDECLARED_SELECTOR = YES;
				GCC_WARN_UNINITIALIZED_AUTOS = YES_AGGRESSIVE;
				GCC_WARN_UNUSED_FUNCTION = YES;
				GCC_WARN_UNUSED_VARIABLE = YES;
				IPHONEOS_DEPLOYMENT_TARGET = 11.0;
				MTL_ENABLE_DEBUG_INFO = YES;
				ONLY_ACTIVE_ARCH = YES;
				SDKROOT = iphoneos;
			};
			name = Debug;
		};
		04F04E6E1FC3E22A001E8AB9 /* Release */ = {
			isa = XCBuildConfiguration;
			buildSettings = {
				ALWAYS_SEARCH_USER_PATHS = NO;
				CLANG_ANALYZER_NONNULL = YES;
				CLANG_ANALYZER_NUMBER_OBJECT_CONVERSION = YES_AGGRESSIVE;
				CLANG_CXX_LANGUAGE_STANDARD = "gnu++14";
				CLANG_CXX_LIBRARY = "libc++";
				CLANG_ENABLE_MODULES = YES;
				CLANG_ENABLE_OBJC_ARC = YES;
				CLANG_WARN_BLOCK_CAPTURE_AUTORELEASING = YES;
				CLANG_WARN_BOOL_CONVERSION = YES;
				CLANG_WARN_COMMA = YES;
				CLANG_WARN_CONSTANT_CONVERSION = YES;
				CLANG_WARN_DIRECT_OBJC_ISA_USAGE = YES_ERROR;
				CLANG_WARN_DOCUMENTATION_COMMENTS = YES;
				CLANG_WARN_EMPTY_BODY = YES;
				CLANG_WARN_ENUM_CONVERSION = YES;
				CLANG_WARN_INFINITE_RECURSION = YES;
				CLANG_WARN_INT_CONVERSION = YES;
				CLANG_WARN_NON_LITERAL_NULL_CONVERSION = YES;
				CLANG_WARN_OBJC_LITERAL_CONVERSION = YES;
				CLANG_WARN_OBJC_ROOT_CLASS = YES_ERROR;
				CLANG_WARN_RANGE_LOOP_ANALYSIS = YES;
				CLANG_WARN_STRICT_PROTOTYPES = YES;
				CLANG_WARN_SUSPICIOUS_MOVE = YES;
				CLANG_WARN_UNGUARDED_AVAILABILITY = YES_AGGRESSIVE;
				CLANG_WARN_UNREACHABLE_CODE = YES;
				CLANG_WARN__DUPLICATE_METHOD_MATCH = YES;
				CODE_SIGN_IDENTITY = "iPhone Developer";
				COPY_PHASE_STRIP = NO;
				DEBUG_INFORMATION_FORMAT = "dwarf-with-dsym";
				ENABLE_NS_ASSERTIONS = NO;
				ENABLE_STRICT_OBJC_MSGSEND = YES;
				GCC_C_LANGUAGE_STANDARD = gnu11;
				GCC_NO_COMMON_BLOCKS = YES;
				GCC_WARN_64_TO_32_BIT_CONVERSION = YES;
				GCC_WARN_ABOUT_RETURN_TYPE = YES_ERROR;
				GCC_WARN_UNDECLARED_SELECTOR = YES;
				GCC_WARN_UNINITIALIZED_AUTOS = YES_AGGRESSIVE;
				GCC_WARN_UNUSED_FUNCTION = YES;
				GCC_WARN_UNUSED_VARIABLE = YES;
				IPHONEOS_DEPLOYMENT_TARGET = 11.0;
				MTL_ENABLE_DEBUG_INFO = NO;
				SDKROOT = iphoneos;
				VALIDATE_PRODUCT = YES;
			};
			name = Release;
		};
		04F04E701FC3E22A001E8AB9 /* Debug */ = {
			isa = XCBuildConfiguration;
			buildSettings = {
				ASSETCATALOG_COMPILER_APPICON_NAME = AppIcon;
				CODE_SIGN_STYLE = Automatic;
				DEVELOPMENT_TEAM = W83DM974DY;
				GCC_PRECOMPILE_PREFIX_HEADER = YES;
				GCC_PREFIX_HEADER = BaseProject/Constant/PrefixHeader.pch;
				INFOPLIST_FILE = BaseProject/Info.plist;
				LD_RUNPATH_SEARCH_PATHS = "$(inherited) @executable_path/Frameworks";
				PRODUCT_BUNDLE_IDENTIFIER = com.yizhonghulian.BaseProject;
				PRODUCT_NAME = "$(TARGET_NAME)";
				TARGETED_DEVICE_FAMILY = 1;
			};
			name = Debug;
		};
		04F04E711FC3E22A001E8AB9 /* Release */ = {
			isa = XCBuildConfiguration;
			buildSettings = {
				ASSETCATALOG_COMPILER_APPICON_NAME = AppIcon;
				CODE_SIGN_STYLE = Automatic;
				DEVELOPMENT_TEAM = W83DM974DY;
				GCC_PRECOMPILE_PREFIX_HEADER = YES;
				GCC_PREFIX_HEADER = BaseProject/Constant/PrefixHeader.pch;
				INFOPLIST_FILE = BaseProject/Info.plist;
				LD_RUNPATH_SEARCH_PATHS = "$(inherited) @executable_path/Frameworks";
				PRODUCT_BUNDLE_IDENTIFIER = com.yizhonghulian.BaseProject;
				PRODUCT_NAME = "$(TARGET_NAME)";
				TARGETED_DEVICE_FAMILY = 1;
			};
			name = Release;
		};
		04F04E731FC3E22A001E8AB9 /* Debug */ = {
			isa = XCBuildConfiguration;
			buildSettings = {
				BUNDLE_LOADER = "$(TEST_HOST)";
				CODE_SIGN_STYLE = Automatic;
				DEVELOPMENT_TEAM = W83DM974DY;
				INFOPLIST_FILE = BaseProjectTests/Info.plist;
				LD_RUNPATH_SEARCH_PATHS = "$(inherited) @executable_path/Frameworks @loader_path/Frameworks";
				PRODUCT_BUNDLE_IDENTIFIER = com.yizhonghulian.BaseProjectTests;
				PRODUCT_NAME = "$(TARGET_NAME)";
				TARGETED_DEVICE_FAMILY = "1,2";
				TEST_HOST = "$(BUILT_PRODUCTS_DIR)/BaseProject.app/BaseProject";
			};
			name = Debug;
		};
		04F04E741FC3E22A001E8AB9 /* Release */ = {
			isa = XCBuildConfiguration;
			buildSettings = {
				BUNDLE_LOADER = "$(TEST_HOST)";
				CODE_SIGN_STYLE = Automatic;
				DEVELOPMENT_TEAM = W83DM974DY;
				INFOPLIST_FILE = BaseProjectTests/Info.plist;
				LD_RUNPATH_SEARCH_PATHS = "$(inherited) @executable_path/Frameworks @loader_path/Frameworks";
				PRODUCT_BUNDLE_IDENTIFIER = com.yizhonghulian.BaseProjectTests;
				PRODUCT_NAME = "$(TARGET_NAME)";
				TARGETED_DEVICE_FAMILY = "1,2";
				TEST_HOST = "$(BUILT_PRODUCTS_DIR)/BaseProject.app/BaseProject";
			};
			name = Release;
		};
		04F04E761FC3E22A001E8AB9 /* Debug */ = {
			isa = XCBuildConfiguration;
			buildSettings = {
				CODE_SIGN_STYLE = Automatic;
				DEVELOPMENT_TEAM = W83DM974DY;
				INFOPLIST_FILE = BaseProjectUITests/Info.plist;
				LD_RUNPATH_SEARCH_PATHS = "$(inherited) @executable_path/Frameworks @loader_path/Frameworks";
				PRODUCT_BUNDLE_IDENTIFIER = com.yizhonghulian.BaseProjectUITests;
				PRODUCT_NAME = "$(TARGET_NAME)";
				TARGETED_DEVICE_FAMILY = "1,2";
				TEST_TARGET_NAME = BaseProject;
			};
			name = Debug;
		};
		04F04E771FC3E22A001E8AB9 /* Release */ = {
			isa = XCBuildConfiguration;
			buildSettings = {
				CODE_SIGN_STYLE = Automatic;
				DEVELOPMENT_TEAM = W83DM974DY;
				INFOPLIST_FILE = BaseProjectUITests/Info.plist;
				LD_RUNPATH_SEARCH_PATHS = "$(inherited) @executable_path/Frameworks @loader_path/Frameworks";
				PRODUCT_BUNDLE_IDENTIFIER = com.yizhonghulian.BaseProjectUITests;
				PRODUCT_NAME = "$(TARGET_NAME)";
				TARGETED_DEVICE_FAMILY = "1,2";
				TEST_TARGET_NAME = BaseProject;
			};
			name = Release;
		};
/* End XCBuildConfiguration section */

/* Begin XCConfigurationList section */
		04F04E3E1FC3E227001E8AB9 /* Build configuration list for PBXProject "BaseProject" */ = {
			isa = XCConfigurationList;
			buildConfigurations = (
				04F04E6D1FC3E22A001E8AB9 /* Debug */,
				04F04E6E1FC3E22A001E8AB9 /* Release */,
			);
			defaultConfigurationIsVisible = 0;
			defaultConfigurationName = Release;
		};
		04F04E6F1FC3E22A001E8AB9 /* Build configuration list for PBXNativeTarget "BaseProject" */ = {
			isa = XCConfigurationList;
			buildConfigurations = (
				04F04E701FC3E22A001E8AB9 /* Debug */,
				04F04E711FC3E22A001E8AB9 /* Release */,
			);
			defaultConfigurationIsVisible = 0;
			defaultConfigurationName = Release;
		};
		04F04E721FC3E22A001E8AB9 /* Build configuration list for PBXNativeTarget "BaseProjectTests" */ = {
			isa = XCConfigurationList;
			buildConfigurations = (
				04F04E731FC3E22A001E8AB9 /* Debug */,
				04F04E741FC3E22A001E8AB9 /* Release */,
			);
			defaultConfigurationIsVisible = 0;
			defaultConfigurationName = Release;
		};
		04F04E751FC3E22A001E8AB9 /* Build configuration list for PBXNativeTarget "BaseProjectUITests" */ = {
			isa = XCConfigurationList;
			buildConfigurations = (
				04F04E761FC3E22A001E8AB9 /* Debug */,
				04F04E771FC3E22A001E8AB9 /* Release */,
			);
			defaultConfigurationIsVisible = 0;
			defaultConfigurationName = Release;
		};
/* End XCConfigurationList section */
	};
	rootObject = 04F04E3B1FC3E227001E8AB9 /* Project object */;
}
